
Microsoft Visual Studio Solution File, Format Version 12.00
# Visual Studio Version 17
VisualStudioVersion = 17.8.34330.188
MinimumVisualStudioVersion = 10.0.40219.1
Project("{FAE04EC0-301F-11D3-BF4B-00C04F79EFBC}") = "RentalCar.Domain", "RentalCar.Domain\RentalCar.Domain.csproj", "{92130753-0B60-459C-B887-683939178237}"
EndProject
Global
	GlobalSection(SolutionConfigurationPlatforms) = preSolution
		Debug|Any CPU = Debug|Any CPU
		Release|Any CPU = Release|Any CPU
	EndGlobalSection
	GlobalSection(ProjectConfigurationPlatforms) = postSolution
		{92130753-0B60-459C-B887-683939178237}.Debug|Any CPU.ActiveCfg = Debug|Any CPU
		{92130753-0B60-459C-B887-683939178237}.Debug|Any CPU.Build.0 = Debug|Any CPU
		{92130753-0B60-459C-B887-683939178237}.Release|Any CPU.ActiveCfg = Release|Any CPU
		{92130753-0B60-459C-B887-683939178237}.Release|Any CPU.Build.0 = Release|Any CPU
	EndGlobalSection
	GlobalSection(SolutionProperties) = preSolution
		HideSolutionNode = FALSE
	EndGlobalSection
	GlobalSection(ExtensibilityGlobals) = postSolution
		SolutionGuid = {C6489891-2EC6-4F8F-9861-7972B2AB6366}
	EndGlobalSection
EndGlobal
